
Microsoft Visual Studio Solution File, Format Version 12.00
# Visual Studio 15
VisualStudioVersion = 15.0.28307.1259
MinimumVisualStudioVersion = 10.0.40219.1
Project("{FAE04EC0-301F-11D3-BF4B-00C04F79EFBC}") = "ServerCodeMtk-P2-20180140121", "ServerCodeMtk-P2-20180140121\ServerCodeMtk-P2-20180140121.csproj", "{C6B39A3E-E13A-487F-830E-77AC22A5544F}"
EndProject
Global
	GlobalSection(SolutionConfigurationPlatforms) = preSolution
		Debug|Any CPU = Debug|Any CPU
		Release|Any CPU = Release|Any CPU
	EndGlobalSection
	GlobalSection(ProjectConfigurationPlatforms) = postSolution
		{C6B39A3E-E13A-487F-830E-77AC22A5544F}.Debug|Any CPU.ActiveCfg = Debug|Any CPU
		{C6B39A3E-E13A-487F-830E-77AC22A5544F}.Debug|Any CPU.Build.0 = Debug|Any CPU
		{C6B39A3E-E13A-487F-830E-77AC22A5544F}.Release|Any CPU.ActiveCfg = Release|Any CPU
		{C6B39A3E-E13A-487F-830E-77AC22A5544F}.Release|Any CPU.Build.0 = Release|Any CPU
	EndGlobalSection
	GlobalSection(SolutionProperties) = preSolution
		HideSolutionNode = FALSE
	EndGlobalSection
	GlobalSection(ExtensibilityGlobals) = postSolution
		SolutionGuid = {5BA87918-0DED-47BD-B819-426289A17122}
	EndGlobalSection
EndGlobal
